Microsoft Visual Studio Solution File, Format Version 12.00
# Visual Studio 2012
Project("{FAE04EC0-301F-11D3-BF4B-00C04F79EFBC}") = "TOW", "TOW.csproj", "{DBF11EB1-9F9A-469F-B75F-3BE25A112E35}"
EndProject
Project("{FAE04EC0-301F-11D3-BF4B-00C04F79EFBC}") = "ExampleMod", "ExampleMod\ExampleMod.csproj", "{773289CC-762E-4660-A382-0BDD4E383B83}"
EndProject
Global
	GlobalSection(SolutionConfigurationPlatforms) = preSolution
	Debug|Any CPU = Debug|Any CPU
	ExportDebug|Any CPU = ExportDebug|Any CPU
	ExportRelease|Any CPU = ExportRelease|Any CPU
	EndGlobalSection
	GlobalSection(ProjectConfigurationPlatforms) = postSolution
		{DBF11EB1-9F9A-469F-B75F-3BE25A112E35}.Debug|Any CPU.ActiveCfg = Debug|Any CPU
		{DBF11EB1-9F9A-469F-B75F-3BE25A112E35}.Debug|Any CPU.Build.0 = Debug|Any CPU
		{DBF11EB1-9F9A-469F-B75F-3BE25A112E35}.ExportDebug|Any CPU.ActiveCfg = ExportDebug|Any CPU
		{DBF11EB1-9F9A-469F-B75F-3BE25A112E35}.ExportDebug|Any CPU.Build.0 = ExportDebug|Any CPU
		{DBF11EB1-9F9A-469F-B75F-3BE25A112E35}.ExportRelease|Any CPU.ActiveCfg = ExportRelease|Any CPU
		{DBF11EB1-9F9A-469F-B75F-3BE25A112E35}.ExportRelease|Any CPU.Build.0 = ExportRelease|Any CPU
		{773289CC-762E-4660-A382-0BDD4E383B83}.Debug|Any CPU.ActiveCfg = Debug|Any CPU
		{773289CC-762E-4660-A382-0BDD4E383B83}.Debug|Any CPU.Build.0 = Debug|Any CPU
		{773289CC-762E-4660-A382-0BDD4E383B83}.ExportDebug|Any CPU.ActiveCfg = Debug|Any CPU
		{773289CC-762E-4660-A382-0BDD4E383B83}.ExportDebug|Any CPU.Build.0 = Debug|Any CPU
		{773289CC-762E-4660-A382-0BDD4E383B83}.ExportRelease|Any CPU.ActiveCfg = Debug|Any CPU
		{773289CC-762E-4660-A382-0BDD4E383B83}.ExportRelease|Any CPU.Build.0 = Debug|Any CPU
	EndGlobalSection
EndGlobal
